
Microsoft Visual Studio Solution File, Format Version 12.00
# Visual Studio 15
VisualStudioVersion = 15.0.27130.2036
MinimumVisualStudioVersion = 10.0.40219.1
Project("{FAE04EC0-301F-11D3-BF4B-00C04F79EFBC}") = "NewsScroll", "NewsScroll\NewsScroll.csproj", "{F7B5C1F1-A0A3-4BFB-89A8-286907FD0F91}"
EndProject
Project("{9A19103F-16F7-4668-BE54-9A1E7A4F7556}") = "SmartReader", "SmartReader\SmartReader.csproj", "{FB1925F9-88A6-4A01-BBBC-FB3FFC7ED4E9}"
EndProject
Global
	GlobalSection(SolutionConfigurationPlatforms) = preSolution
		Debug|Any CPU = Debug|Any CPU
		Debug|ARM = Debug|ARM
		Debug|x64 = Debug|x64
		Debug|x86 = Debug|x86
		Release|Any CPU = Release|Any CPU
		Release|ARM = Release|ARM
		Release|x64 = Release|x64
		Release|x86 = Release|x86
	EndGlobalSection
	GlobalSection(ProjectConfigurationPlatforms) = postSolution
		{F7B5C1F1-A0A3-4BFB-89A8-286907FD0F91}.Debug|Any CPU.ActiveCfg = Debug|x86
		{F7B5C1F1-A0A3-4BFB-89A8-286907FD0F91}.Debug|Any CPU.Build.0 = Debug|x86
		{F7B5C1F1-A0A3-4BFB-89A8-286907FD0F91}.Debug|Any CPU.Deploy.0 = Debug|x86
		{F7B5C1F1-A0A3-4BFB-89A8-286907FD0F91}.Debug|ARM.ActiveCfg = Debug|ARM
		{F7B5C1F1-A0A3-4BFB-89A8-286907FD0F91}.Debug|ARM.Build.0 = Debug|ARM
		{F7B5C1F1-A0A3-4BFB-89A8-286907FD0F91}.Debug|ARM.Deploy.0 = Debug|ARM
		{F7B5C1F1-A0A3-4BFB-89A8-286907FD0F91}.Debug|x64.ActiveCfg = Debug|x64
		{F7B5C1F1-A0A3-4BFB-89A8-286907FD0F91}.Debug|x64.Build.0 = Debug|x64
		{F7B5C1F1-A0A3-4BFB-89A8-286907FD0F91}.Debug|x64.Deploy.0 = Debug|x64
		{F7B5C1F1-A0A3-4BFB-89A8-286907FD0F91}.Debug|x86.ActiveCfg = Debug|x86
		{F7B5C1F1-A0A3-4BFB-89A8-286907FD0F91}.Debug|x86.Build.0 = Debug|x86
		{F7B5C1F1-A0A3-4BFB-89A8-286907FD0F91}.Debug|x86.Deploy.0 = Debug|x86
		{F7B5C1F1-A0A3-4BFB-89A8-286907FD0F91}.Release|Any CPU.ActiveCfg = Release|x86
		{F7B5C1F1-A0A3-4BFB-89A8-286907FD0F91}.Release|Any CPU.Build.0 = Release|x86
		{F7B5C1F1-A0A3-4BFB-89A8-286907FD0F91}.Release|Any CPU.Deploy.0 = Release|x86
		{F7B5C1F1-A0A3-4BFB-89A8-286907FD0F91}.Release|ARM.ActiveCfg = Release|ARM
		{F7B5C1F1-A0A3-4BFB-89A8-286907FD0F91}.Release|ARM.Build.0 = Release|ARM
		{F7B5C1F1-A0A3-4BFB-89A8-286907FD0F91}.Release|ARM.Deploy.0 = Release|ARM
		{F7B5C1F1-A0A3-4BFB-89A8-286907FD0F91}.Release|x64.ActiveCfg = Release|x64
		{F7B5C1F1-A0A3-4BFB-89A8-286907FD0F91}.Release|x64.Build.0 = Release|x64
		{F7B5C1F1-A0A3-4BFB-89A8-286907FD0F91}.Release|x64.Deploy.0 = Release|x64
		{F7B5C1F1-A0A3-4BFB-89A8-286907FD0F91}.Release|x86.ActiveCfg = Release|x86
		{F7B5C1F1-A0A3-4BFB-89A8-286907FD0F91}.Release|x86.Build.0 = Release|x86
		{F7B5C1F1-A0A3-4BFB-89A8-286907FD0F91}.Release|x86.Deploy.0 = Release|x86
		{FB1925F9-88A6-4A01-BBBC-FB3FFC7ED4E9}.Debug|Any CPU.ActiveCfg = Debug|Any CPU
		{FB1925F9-88A6-4A01-BBBC-FB3FFC7ED4E9}.Debug|Any CPU.Build.0 = Debug|Any CPU
		{FB1925F9-88A6-4A01-BBBC-FB3FFC7ED4E9}.Debug|ARM.ActiveCfg = Debug|Any CPU
		{FB1925F9-88A6-4A01-BBBC-FB3FFC7ED4E9}.Debug|ARM.Build.0 = Debug|Any CPU
		{FB1925F9-88A6-4A01-BBBC-FB3FFC7ED4E9}.Debug|x64.ActiveCfg = Debug|Any CPU
		{FB1925F9-88A6-4A01-BBBC-FB3FFC7ED4E9}.Debug|x64.Build.0 = Debug|Any CPU
		{FB1925F9-88A6-4A01-BBBC-FB3FFC7ED4E9}.Debug|x86.ActiveCfg = Debug|Any CPU
		{FB1925F9-88A6-4A01-BBBC-FB3FFC7ED4E9}.Debug|x86.Build.0 = Debug|Any CPU
		{FB1925F9-88A6-4A01-BBBC-FB3FFC7ED4E9}.Release|Any CPU.ActiveCfg = Release|Any CPU
		{FB1925F9-88A6-4A01-BBBC-FB3FFC7ED4E9}.Release|Any CPU.Build.0 = Release|Any CPU
		{FB1925F9-88A6-4A01-BBBC-FB3FFC7ED4E9}.Release|ARM.ActiveCfg = Release|Any CPU
		{FB1925F9-88A6-4A01-BBBC-FB3FFC7ED4E9}.Release|ARM.Build.0 = Release|Any CPU
		{FB1925F9-88A6-4A01-BBBC-FB3FFC7ED4E9}.Release|x64.ActiveCfg = Release|Any CPU
		{FB1925F9-88A6-4A01-BBBC-FB3FFC7ED4E9}.Release|x64.Build.0 = Release|Any CPU
		{FB1925F9-88A6-4A01-BBBC-FB3FFC7ED4E9}.Release|x86.ActiveCfg = Release|Any CPU
		{FB1925F9-88A6-4A01-BBBC-FB3FFC7ED4E9}.Release|x86.Build.0 = Release|Any CPU
	EndGlobalSection
	GlobalSection(SolutionProperties) = preSolution
		HideSolutionNode = FALSE
	EndGlobalSection
	GlobalSection(ExtensibilityGlobals) = postSolution
		SolutionGuid = {952C5DC3-E3B0-4595-915C-8A963184FBC8}
	EndGlobalSection
EndGlobal
